
Microsoft Visual Studio Solution File, Format Version 12.00
# Visual Studio Version 16
VisualStudioVersion = 16.0.29728.190
MinimumVisualStudioVersion = 10.0.40219.1
Project("{9A19103F-16F7-4668-BE54-9A1E7A4F7556}") = "Kcow3.N2YO.Cmd", "Kcow3.N2YO.Cmd\Kcow3.N2YO.Cmd.csproj", "{19DFB0CF-0A50-4CFB-86CA-0D3BDF6B469E}"
EndProject
Project("{9A19103F-16F7-4668-BE54-9A1E7A4F7556}") = "Kcow3.N2YO.Api", "Kcow3.N2YO.Api\Kcow3.N2YO.Api.csproj", "{FE6CAC0A-06C9-4AE1-A4F2-587C8E53D100}"
EndProject
Project("{9A19103F-16F7-4668-BE54-9A1E7A4F7556}") = "Kcow3.N2YO.RemoteApiInterface", "Kcow3.N2YO.RemoteApiInterface\Kcow3.N2YO.RemoteApiInterface.csproj", "{AEFF1845-C1B1-4F70-B46D-92BA6B7CB2B3}"
EndProject
Project("{FAE04EC0-301F-11D3-BF4B-00C04F79EFBC}") = "Kcow3.N2YO.StaticData", "Kcow3.N2YO.StaticData\Kcow3.N2YO.StaticData.csproj", "{F140F999-CF82-46B2-955A-065A5760090C}"
EndProject
Global
	GlobalSection(SolutionConfigurationPlatforms) = preSolution
		Debug|Any CPU = Debug|Any CPU
		Release|Any CPU = Release|Any CPU
	EndGlobalSection
	GlobalSection(ProjectConfigurationPlatforms) = postSolution
		{19DFB0CF-0A50-4CFB-86CA-0D3BDF6B469E}.Debug|Any CPU.ActiveCfg = Debug|Any CPU
		{19DFB0CF-0A50-4CFB-86CA-0D3BDF6B469E}.Debug|Any CPU.Build.0 = Debug|Any CPU
		{19DFB0CF-0A50-4CFB-86CA-0D3BDF6B469E}.Release|Any CPU.ActiveCfg = Release|Any CPU
		{19DFB0CF-0A50-4CFB-86CA-0D3BDF6B469E}.Release|Any CPU.Build.0 = Release|Any CPU
		{FE6CAC0A-06C9-4AE1-A4F2-587C8E53D100}.Debug|Any CPU.ActiveCfg = Debug|Any CPU
		{FE6CAC0A-06C9-4AE1-A4F2-587C8E53D100}.Debug|Any CPU.Build.0 = Debug|Any CPU
		{FE6CAC0A-06C9-4AE1-A4F2-587C8E53D100}.Release|Any CPU.ActiveCfg = Release|Any CPU
		{FE6CAC0A-06C9-4AE1-A4F2-587C8E53D100}.Release|Any CPU.Build.0 = Release|Any CPU
		{AEFF1845-C1B1-4F70-B46D-92BA6B7CB2B3}.Debug|Any CPU.ActiveCfg = Debug|Any CPU
		{AEFF1845-C1B1-4F70-B46D-92BA6B7CB2B3}.Debug|Any CPU.Build.0 = Debug|Any CPU
		{AEFF1845-C1B1-4F70-B46D-92BA6B7CB2B3}.Release|Any CPU.ActiveCfg = Release|Any CPU
		{AEFF1845-C1B1-4F70-B46D-92BA6B7CB2B3}.Release|Any CPU.Build.0 = Release|Any CPU
		{F140F999-CF82-46B2-955A-065A5760090C}.Debug|Any CPU.ActiveCfg = Debug|Any CPU
		{F140F999-CF82-46B2-955A-065A5760090C}.Debug|Any CPU.Build.0 = Debug|Any CPU
		{F140F999-CF82-46B2-955A-065A5760090C}.Release|Any CPU.ActiveCfg = Release|Any CPU
		{F140F999-CF82-46B2-955A-065A5760090C}.Release|Any CPU.Build.0 = Release|Any CPU
	EndGlobalSection
	GlobalSection(SolutionProperties) = preSolution
		HideSolutionNode = FALSE
	EndGlobalSection
	GlobalSection(ExtensibilityGlobals) = postSolution
		SolutionGuid = {2D734CD3-7630-43A3-9052-694721E2CC82}
	EndGlobalSection
EndGlobal
